
Microsoft Visual Studio Solution File, Format Version 12.00
# Visual Studio 14
VisualStudioVersion = 14.0.24720.0
MinimumVisualStudioVersion = 10.0.40219.1
Project("{FAE04EC0-301F-11D3-BF4B-00C04F79EFBC}") = "FactonExtensionPackage", "FactonExtensionPackage\FactonExtensionPackage.csproj", "{2374C963-C968-4FB8-B6CB-2155F860CBF5}"
EndProject
Project("{FAE04EC0-301F-11D3-BF4B-00C04F79EFBC}") = "FactonExtensionPackage.Test", "FactonExtensionPackage.Test\FactonExtensionPackage.Test.csproj", "{B91AADCB-B838-4533-A0DC-65BD0941E69E}"
EndProject
Global
	GlobalSection(SolutionConfigurationPlatforms) = preSolution
		Debug|Any CPU = Debug|Any CPU
		Release|Any CPU = Release|Any CPU
	EndGlobalSection
	GlobalSection(ProjectConfigurationPlatforms) = postSolution
		{2374C963-C968-4FB8-B6CB-2155F860CBF5}.Debug|Any CPU.ActiveCfg = Debug|Any CPU
		{2374C963-C968-4FB8-B6CB-2155F860CBF5}.Debug|Any CPU.Build.0 = Debug|Any CPU
		{2374C963-C968-4FB8-B6CB-2155F860CBF5}.Release|Any CPU.ActiveCfg = Release|Any CPU
		{2374C963-C968-4FB8-B6CB-2155F860CBF5}.Release|Any CPU.Build.0 = Release|Any CPU
		{B91AADCB-B838-4533-A0DC-65BD0941E69E}.Debug|Any CPU.ActiveCfg = Debug|Any CPU
		{B91AADCB-B838-4533-A0DC-65BD0941E69E}.Debug|Any CPU.Build.0 = Debug|Any CPU
		{B91AADCB-B838-4533-A0DC-65BD0941E69E}.Release|Any CPU.ActiveCfg = Release|Any CPU
		{B91AADCB-B838-4533-A0DC-65BD0941E69E}.Release|Any CPU.Build.0 = Release|Any CPU
	EndGlobalSection
	GlobalSection(SolutionProperties) = preSolution
		HideSolutionNode = FALSE
	EndGlobalSection
EndGlobal
